
Microsoft Visual Studio Solution File, Format Version 12.00
# Visual Studio Version 17
VisualStudioVersion = 17.0.31903.59
MinimumVisualStudioVersion = 10.0.40219.1
Project("{FAE04EC0-301F-11D3-BF4B-00C04F79EFBC}") = "StyleSystem.Api", "StyleSystem.Api\StyleSystem.Api.csproj", "{8996F3B8-5495-472A-A066-19ACF7854851}"
EndProject
Project("{FAE04EC0-301F-11D3-BF4B-00C04F79EFBC}") = "StyleSystem.Shared", "StyleSystem.Shared\StyleSystem.Shared.csproj", "{C6FC829E-139C-4D6B-A2A2-C676D7250F07}"
EndProject
Project("{FAE04EC0-301F-11D3-BF4B-00C04F79EFBC}") = "StyleSystem.Web", "StyleSystem.Web\StyleSystem.Web.csproj", "{82562657-2C3E-4ACA-AD19-ECAA28E2C3F7}"
EndProject
Global
	GlobalSection(SolutionConfigurationPlatforms) = preSolution
		Debug|Any CPU = Debug|Any CPU
		Release|Any CPU = Release|Any CPU
	EndGlobalSection
	GlobalSection(SolutionProperties) = preSolution
		HideSolutionNode = FALSE
	EndGlobalSection
	GlobalSection(ProjectConfigurationPlatforms) = postSolution
		{8996F3B8-5495-472A-A066-19ACF7854851}.Debug|Any CPU.ActiveCfg = Debug|Any CPU
		{8996F3B8-5495-472A-A066-19ACF7854851}.Debug|Any CPU.Build.0 = Debug|Any CPU
		{8996F3B8-5495-472A-A066-19ACF7854851}.Release|Any CPU.ActiveCfg = Release|Any CPU
		{8996F3B8-5495-472A-A066-19ACF7854851}.Release|Any CPU.Build.0 = Release|Any CPU
		{C6FC829E-139C-4D6B-A2A2-C676D7250F07}.Debug|Any CPU.ActiveCfg = Debug|Any CPU
		{C6FC829E-139C-4D6B-A2A2-C676D7250F07}.Debug|Any CPU.Build.0 = Debug|Any CPU
		{C6FC829E-139C-4D6B-A2A2-C676D7250F07}.Release|Any CPU.ActiveCfg = Release|Any CPU
		{C6FC829E-139C-4D6B-A2A2-C676D7250F07}.Release|Any CPU.Build.0 = Release|Any CPU
		{82562657-2C3E-4ACA-AD19-ECAA28E2C3F7}.Debug|Any CPU.ActiveCfg = Debug|Any CPU
		{82562657-2C3E-4ACA-AD19-ECAA28E2C3F7}.Debug|Any CPU.Build.0 = Debug|Any CPU
		{82562657-2C3E-4ACA-AD19-ECAA28E2C3F7}.Release|Any CPU.ActiveCfg = Release|Any CPU
		{82562657-2C3E-4ACA-AD19-ECAA28E2C3F7}.Release|Any CPU.Build.0 = Release|Any CPU
	EndGlobalSection
EndGlobal
